
Microsoft Visual Studio Solution File, Format Version 12.00
# Visual Studio Version 16
VisualStudioVersion = 16.0.29025.244
MinimumVisualStudioVersion = 10.0.40219.1
Project("{9A19103F-16F7-4668-BE54-9A1E7A4F7556}") = "ChatBot", "ChatBot\ChatBot.csproj", "{291DD78C-B888-4843-BEAD-B1BE7A8480BD}"
EndProject
Project("{2150E333-8FDC-42A3-9474-1A3956D46DE8}") = "Docs", "Docs", "{3D27C956-341D-443F-B06A-3819B6FE2A4D}"
	ProjectSection(SolutionItems) = preProject
		README.md = README.md
	EndProjectSection
EndProject
Project("{FAE04EC0-301F-11D3-BF4B-00C04F79EFBC}") = "NzbLibrary", "NzbLibrary\NzbLibrary.csproj", "{D1E054DA-EAFB-4071-A212-6B67EAAB5ECC}"
EndProject
Global
	GlobalSection(SolutionConfigurationPlatforms) = preSolution
		Debug|Any CPU = Debug|Any CPU
		Release|Any CPU = Release|Any CPU
	EndGlobalSection
	GlobalSection(ProjectConfigurationPlatforms) = postSolution
		{291DD78C-B888-4843-BEAD-B1BE7A8480BD}.Debug|Any CPU.ActiveCfg = Debug|Any CPU
		{291DD78C-B888-4843-BEAD-B1BE7A8480BD}.Debug|Any CPU.Build.0 = Debug|Any CPU
		{291DD78C-B888-4843-BEAD-B1BE7A8480BD}.Release|Any CPU.ActiveCfg = Release|Any CPU
		{291DD78C-B888-4843-BEAD-B1BE7A8480BD}.Release|Any CPU.Build.0 = Release|Any CPU
		{D1E054DA-EAFB-4071-A212-6B67EAAB5ECC}.Debug|Any CPU.ActiveCfg = Debug|Any CPU
		{D1E054DA-EAFB-4071-A212-6B67EAAB5ECC}.Debug|Any CPU.Build.0 = Debug|Any CPU
		{D1E054DA-EAFB-4071-A212-6B67EAAB5ECC}.Release|Any CPU.ActiveCfg = Release|Any CPU
		{D1E054DA-EAFB-4071-A212-6B67EAAB5ECC}.Release|Any CPU.Build.0 = Release|Any CPU
	EndGlobalSection
	GlobalSection(SolutionProperties) = preSolution
		HideSolutionNode = FALSE
	EndGlobalSection
	GlobalSection(ExtensibilityGlobals) = postSolution
		SolutionGuid = {0A071A45-6734-4233-ABFB-9309E7646588}
	EndGlobalSection
EndGlobal
